
Microsoft Visual Studio Solution File, Format Version 12.00
# Visual Studio Version 16
VisualStudioVersion = 16.0.29503.13
MinimumVisualStudioVersion = 10.0.40219.1
Project("{FAE04EC0-301F-11D3-BF4B-00C04F79EFBC}") = "SQLViewer", "SQLViewer\SQLViewer.csproj", "{C80CEC7C-DC16-401E-9101-E010924E2220}"
EndProject
Global
	GlobalSection(SolutionConfigurationPlatforms) = preSolution
		Debug|Any CPU = Debug|Any CPU
		Release|Any CPU = Release|Any CPU
	EndGlobalSection
	GlobalSection(ProjectConfigurationPlatforms) = postSolution
		{C80CEC7C-DC16-401E-9101-E010924E2220}.Debug|Any CPU.ActiveCfg = Debug|Any CPU
		{C80CEC7C-DC16-401E-9101-E010924E2220}.Debug|Any CPU.Build.0 = Debug|Any CPU
		{C80CEC7C-DC16-401E-9101-E010924E2220}.Release|Any CPU.ActiveCfg = Release|Any CPU
		{C80CEC7C-DC16-401E-9101-E010924E2220}.Release|Any CPU.Build.0 = Release|Any CPU
	EndGlobalSection
	GlobalSection(SolutionProperties) = preSolution
		HideSolutionNode = FALSE
	EndGlobalSection
	GlobalSection(ExtensibilityGlobals) = postSolution
		SolutionGuid = {89F1CA6F-9FC7-4605-B363-D47FC1AD1A62}
	EndGlobalSection
EndGlobal
